schema: '2.0'
stages:
  data_preprocessing:
    cmd: python3 scripts/data_scripts/data_preprocessing.py data/raw/housing_price_dataset.csv
    deps:
    - path: data/raw/housing_price_dataset.csv
      hash: md5
      md5: b8a6965dc68aa71d3d262891ac94eb9e
      size: 1944010
    - path: scripts/data_scripts/data_preprocessing.py
      hash: md5
      md5: cfc1115000db8f8e06e0bff759d9c697
      size: 1184
    outs:
    - path: data/baselines
      hash: md5
      md5: 5d3a47110379675e800d81b7cb3c687f.dir
      size: 2009562
      nfiles: 2
  dt:
    cmd: python3 scripts/model_scripts/dt.py data/baselines/train.csv model.pkl
    deps:
    - path: data/baselines/train.csv
      hash: md5
      md5: ec42644f89fedd9389b6ec97e17d67ca
      size: 1406758
    - path: scripts/model_scripts/dt.py
      hash: md5
      md5: faf670a0cc3509a86cde048be731d9ed
      size: 877
    params:
      params.yaml:
        train.algorithm: auto
        train.leaf_size: 30
        train.neighbors: 15
    outs:
    - path: models/model.pkl
      hash: md5
      md5: 1951bcaac0b6e858d12d4e0ed261123c
      size: 2996538
  evaluate:
    cmd: python3 scripts/model_scripts/evaluate.py data/baselines/test.csv models/model.pkl
    deps:
    - path: data/baselines/test.csv
      hash: md5
      md5: c3ed730f88ce53e1dee9682bd3e1a282
      size: 602804
    - path: models/model.pkl
      hash: md5
      md5: 1951bcaac0b6e858d12d4e0ed261123c
      size: 2996538
    - path: scripts/model_scripts/evaluate.py
      hash: md5
      md5: 2a40f435970cbbacb9cab42224f1f471
      size: 666
    outs:
    - path: evaluate/score.json
      hash: md5
      md5: 192d9fc58cedc08f9bcdc105ad5d378c
      size: 29
