schema: '2.0'
stages:
  data_preprocessing:
    cmd: python3 scripts/data_scripts/data_preprocessing.py data/raw/housing_price_dataset.csv
    deps:
    - path: data/raw/housing_price_dataset.csv
      hash: md5
      md5: b8a6965dc68aa71d3d262891ac94eb9e
      size: 1944010
    - path: scripts/data_scripts/data_preprocessing.py
      hash: md5
      md5: ee8fcb5a8acc98499fcae1d9b035f68c
      size: 1166
    outs:
    - path: data/baselines
      hash: md5
      md5: b24454888fc9d19379b8d406afd5049b.dir
      size: 1759652
      nfiles: 2
  dt:
    cmd: python3 scripts/model_scripts/dt.py data/baselines/train.csv model.pkl
    deps:
    - path: data/baselines/train.csv
      hash: md5
      md5: aa0acf960cd00d9bf5a2511bb0ccd1d9
      size: 1231828
    - path: scripts/model_scripts/dt.py
      hash: md5
      md5: 005bb1cd2886c1535745eb7d126af930
      size: 719
    params:
      params.yaml:
        train.max_depth: 6
    outs:
    - path: models/model.pkl
      hash: md5
      md5: 47532f74aeb1be34ac39919e1a5edf87
      size: 10314
  evaluate:
    cmd: python3 scripts/model_scripts/evaluate.py data/baselines/test.csv models/model.pkl
    deps:
    - path: data/baselines/test.csv
      hash: md5
      md5: 2efa5b26aedc19d1b2bb3e86dd91a0f0
      size: 527824
    - path: models/model.pkl
      hash: md5
      md5: 47532f74aeb1be34ac39919e1a5edf87
      size: 10314
    - path: scripts/model_scripts/evaluate.py
      hash: md5
      md5: 677764f9235473daafd08c7e6392e42f
      size: 663
    outs:
    - path: evaluate/score.json
      hash: md5
      md5: b4476c2a6041e71142784c3cb95a9fe6
      size: 29
